// !$*UTF8*$!
{
	archiveVersion = 1;
	classes = {
	};
	objectVersion = 56;
	objects = {

/* Begin PBXBuildFile section */
		A10000000000000000000001 /* ATLASApp.swift in Sources */ = {isa = PBXBuildFile; fileRef = B10000000000000000000001 /* ATLASApp.swift */; };
		A10000000000000000000002 /* InvestmentModels.swift in Sources */ = {isa = PBXBuildFile; fileRef = B10000000000000000000002 /* InvestmentModels.swift */; };
		A10000000000000000000003 /* InvestmentStore.swift in Sources */ = {isa = PBXBuildFile; fileRef = B10000000000000000000003 /* InvestmentStore.swift */; };
		A10000000000000000000004 /* Formatters.swift in Sources */ = {isa = PBXBuildFile; fileRef = B10000000000000000000004 /* Formatters.swift */; };
		A10000000000000000000005 /* MetricCard.swift in Sources */ = {isa = PBXBuildFile; fileRef = B10000000000000000000005 /* MetricCard.swift */; };
		A10000000000000000000006 /* StatusBadge.swift in Sources */ = {isa = PBXBuildFile; fileRef = B10000000000000000000006 /* StatusBadge.swift */; };
		A10000000000000000000007 /* RootTabView.swift in Sources */ = {isa = PBXBuildFile; fileRef = B10000000000000000000007 /* RootTabView.swift */; };
		A10000000000000000000008 /* DashboardView.swift in Sources */ = {isa = PBXBuildFile; fileRef = B10000000000000000000008 /* DashboardView.swift */; };
		A10000000000000000000009 /* PortfolioView.swift in Sources */ = {isa = PBXBuildFile; fileRef = B10000000000000000000009 /* PortfolioView.swift */; };
		A1000000000000000000000A /* CapitalActivityView.swift in Sources */ = {isa = PBXBuildFile; fileRef = B1000000000000000000000A /* CapitalActivityView.swift */; };
		A1000000000000000000000B /* ValuationsView.swift in Sources */ = {isa = PBXBuildFile; fileRef = B1000000000000000000000B /* ValuationsView.swift */; };
		A1000000000000000000000C /* ReportsView.swift in Sources */ = {isa = PBXBuildFile; fileRef = B1000000000000000000000C /* ReportsView.swift */; };
		A1000000000000000000000D /* Assets.xcassets in Resources */ = {isa = PBXBuildFile; fileRef = B1000000000000000000000D /* Assets.xcassets */; };
		A1000000000000000000000E /* TradeAutomationService.swift in Sources */ = {isa = PBXBuildFile; fileRef = B1000000000000000000000E /* TradeAutomationService.swift */; };
		A10000000000000000000010 /* TradingPersistence.swift in Sources */ = {isa = PBXBuildFile; fileRef = B10000000000000000000010 /* TradingPersistence.swift */; };
		A1000000000000000000000F /* TradingTabView.swift in Sources */ = {isa = PBXBuildFile; fileRef = B1000000000000000000000F /* TradingTabView.swift */; };
/* End PBXBuildFile section */

/* Begin PBXFileReference section */
		B10000000000000000000001 /* ATLASApp.swift */ = {isa = PBXFileReference; lastKnownFileType = sourcecode.swift; path = ATLASApp.swift; sourceTree = "<group>"; };
		B10000000000000000000002 /* InvestmentModels.swift */ = {isa = PBXFileReference; lastKnownFileType = sourcecode.swift; path = InvestmentModels.swift; sourceTree = "<group>"; };
		B10000000000000000000003 /* InvestmentStore.swift */ = {isa = PBXFileReference; lastKnownFileType = sourcecode.swift; path = InvestmentStore.swift; sourceTree = "<group>"; };
		B10000000000000000000004 /* Formatters.swift */ = {isa = PBXFileReference; lastKnownFileType = sourcecode.swift; path = Formatters.swift; sourceTree = "<group>"; };
		B10000000000000000000005 /* MetricCard.swift */ = {isa = PBXFileReference; lastKnownFileType = sourcecode.swift; path = MetricCard.swift; sourceTree = "<group>"; };
		B10000000000000000000006 /* StatusBadge.swift */ = {isa = PBXFileReference; lastKnownFileType = sourcecode.swift; path = StatusBadge.swift; sourceTree = "<group>"; };
		B10000000000000000000007 /* RootTabView.swift */ = {isa = PBXFileReference; lastKnownFileType = sourcecode.swift; path = RootTabView.swift; sourceTree = "<group>"; };
		B10000000000000000000008 /* DashboardView.swift */ = {isa = PBXFileReference; lastKnownFileType = sourcecode.swift; path = DashboardView.swift; sourceTree = "<group>"; };
		B10000000000000000000009 /* PortfolioView.swift */ = {isa = PBXFileReference; lastKnownFileType = sourcecode.swift; path = PortfolioView.swift; sourceTree = "<group>"; };
		B1000000000000000000000A /* CapitalActivityView.swift */ = {isa = PBXFileReference; lastKnownFileType = sourcecode.swift; path = CapitalActivityView.swift; sourceTree = "<group>"; };
		B1000000000000000000000B /* ValuationsView.swift */ = {isa = PBXFileReference; lastKnownFileType = sourcecode.swift; path = ValuationsView.swift; sourceTree = "<group>"; };
		B1000000000000000000000C /* ReportsView.swift */ = {isa = PBXFileReference; lastKnownFileType = sourcecode.swift; path = ReportsView.swift; sourceTree = "<group>"; };
		B1000000000000000000000D /* Assets.xcassets */ = {isa = PBXFileReference; lastKnownFileType = folder.assetcatalog; path = Assets.xcassets; sourceTree = "<group>"; };
		B1000000000000000000000E /* TradeAutomationService.swift */ = {isa = PBXFileReference; lastKnownFileType = sourcecode.swift; path = TradeAutomationService.swift; sourceTree = "<group>"; };
		B10000000000000000000010 /* TradingPersistence.swift */ = {isa = PBXFileReference; lastKnownFileType = sourcecode.swift; path = TradingPersistence.swift; sourceTree = "<group>"; };
		B1000000000000000000000F /* TradingTabView.swift */ = {isa = PBXFileReference; lastKnownFileType = sourcecode.swift; path = TradingTabView.swift; sourceTree = "<group>"; };
		C10000000000000000000001 /* ATLAS.app */ = {isa = PBXFileReference; explicitFileType = wrapper.application; includeInIndex = 0; path = ATLAS.app; sourceTree = BUILT_PRODUCTS_DIR; };
/* End PBXFileReference section */

/* Begin PBXFrameworksBuildPhase section */
		D10000000000000000000001 /* Frameworks */ = {
			isa = PBXFrameworksBuildPhase;
			buildActionMask = 2147483647;
			files = (
			);
			runOnlyForDeploymentPostprocessing = 0;
		};
/* End PBXFrameworksBuildPhase section */

/* Begin PBXGroup section */
		E10000000000000000000001 = {
			isa = PBXGroup;
			children = (
				E10000000000000000000002 /* ATLAS */,
				E10000000000000000000003 /* Products */,
			);
			sourceTree = "<group>";
		};
		E10000000000000000000002 /* ATLAS */ = {
			isa = PBXGroup;
			children = (
				B10000000000000000000001 /* ATLASApp.swift */,
				E10000000000000000000004 /* Models */,
				E10000000000000000000005 /* Services */,
				E10000000000000000000006 /* Utilities */,
				E10000000000000000000007 /* Views */,
				B1000000000000000000000D /* Assets.xcassets */,
			);
			path = ATLAS;
			sourceTree = "<group>";
		};
		E10000000000000000000003 /* Products */ = {
			isa = PBXGroup;
			children = (
				C10000000000000000000001 /* ATLAS.app */,
			);
			name = Products;
			sourceTree = "<group>";
		};
		E10000000000000000000004 /* Models */ = {
			isa = PBXGroup;
			children = (
				B10000000000000000000002 /* InvestmentModels.swift */,
			);
			path = Models;
			sourceTree = "<group>";
		};
		E10000000000000000000005 /* Services */ = {
			isa = PBXGroup;
			children = (
				B10000000000000000000003 /* InvestmentStore.swift */,
				B1000000000000000000000E /* TradeAutomationService.swift */,
				B10000000000000000000010 /* TradingPersistence.swift */,
			);
			path = Services;
			sourceTree = "<group>";
		};
		E10000000000000000000006 /* Utilities */ = {
			isa = PBXGroup;
			children = (
				B10000000000000000000004 /* Formatters.swift */,
			);
			path = Utilities;
			sourceTree = "<group>";
		};
		E10000000000000000000007 /* Views */ = {
			isa = PBXGroup;
			children = (
				B10000000000000000000007 /* RootTabView.swift */,
				B10000000000000000000008 /* DashboardView.swift */,
				B10000000000000000000009 /* PortfolioView.swift */,
				B1000000000000000000000A /* CapitalActivityView.swift */,
				B1000000000000000000000F /* TradingTabView.swift */,
				B1000000000000000000000B /* ValuationsView.swift */,
				B1000000000000000000000C /* ReportsView.swift */,
				E10000000000000000000008 /* Components */,
			);
			path = Views;
			sourceTree = "<group>";
		};
		E10000000000000000000008 /* Components */ = {
			isa = PBXGroup;
			children = (
				B10000000000000000000005 /* MetricCard.swift */,
				B10000000000000000000006 /* StatusBadge.swift */,
			);
			path = Components;
			sourceTree = "<group>";
		};
/* End PBXGroup section */

/* Begin PBXNativeTarget section */
		F10000000000000000000001 /* ATLAS */ = {
			isa = PBXNativeTarget;
			buildConfigurationList = F10000000000000000000003 /* Build configuration list for PBXNativeTarget "ATLAS" */;
			buildPhases = (
				F10000000000000000000002 /* Sources */,
				D10000000000000000000001 /* Frameworks */,
				F10000000000000000000004 /* Resources */,
			);
			buildRules = (
			);
			dependencies = (
			);
			name = ATLAS;
			productName = ATLAS;
			productReference = C10000000000000000000001 /* ATLAS.app */;
			productType = "com.apple.product-type.application";
		};
/* End PBXNativeTarget section */

/* Begin PBXProject section */
		G10000000000000000000001 /* Project object */ = {
			isa = PBXProject;
			attributes = {
				BuildIndependentTargetsInParallel = 1;
				LastSwiftUpdateCheck = 1500;
				LastUpgradeCheck = 1500;
				TargetAttributes = {
					F10000000000000000000001 = {
						CreatedOnToolsVersion = 15.0;
					};
				};
			};
			buildConfigurationList = G10000000000000000000002 /* Build configuration list for PBXProject "ATLAS" */;
			compatibilityVersion = "Xcode 14.0";
			developmentRegion = en;
			hasScannedForEncodings = 0;
			knownRegions = (
				en,
				Base,
			);
			mainGroup = E10000000000000000000001;
			productRefGroup = E10000000000000000000003 /* Products */;
			projectDirPath = "";
			projectRoot = "";
			targets = (
				F10000000000000000000001 /* ATLAS */,
			);
		};
/* End PBXProject section */

/* Begin PBXResourcesBuildPhase section */
		F10000000000000000000004 /* Resources */ = {
			isa = PBXResourcesBuildPhase;
			buildActionMask = 2147483647;
			files = (
				A1000000000000000000000D /* Assets.xcassets in Resources */,
			);
			runOnlyForDeploymentPostprocessing = 0;
		};
/* End PBXResourcesBuildPhase section */

/* Begin PBXSourcesBuildPhase section */
		F10000000000000000000002 /* Sources */ = {
			isa = PBXSourcesBuildPhase;
			buildActionMask = 2147483647;
			files = (
				A10000000000000000000001 /* ATLASApp.swift in Sources */,
				A10000000000000000000002 /* InvestmentModels.swift in Sources */,
				A10000000000000000000003 /* InvestmentStore.swift in Sources */,
				A10000000000000000000004 /* Formatters.swift in Sources */,
				A10000000000000000000005 /* MetricCard.swift in Sources */,
				A10000000000000000000006 /* StatusBadge.swift in Sources */,
				A10000000000000000000007 /* RootTabView.swift in Sources */,
				A10000000000000000000008 /* DashboardView.swift in Sources */,
				A10000000000000000000009 /* PortfolioView.swift in Sources */,
				A1000000000000000000000A /* CapitalActivityView.swift in Sources */,
				A1000000000000000000000B /* ValuationsView.swift in Sources */,
				A1000000000000000000000C /* ReportsView.swift in Sources */,
				A1000000000000000000000E /* TradeAutomationService.swift in Sources */,
				A10000000000000000000010 /* TradingPersistence.swift in Sources */,
				A1000000000000000000000F /* TradingTabView.swift in Sources */,
			);
			runOnlyForDeploymentPostprocessing = 0;
		};
/* End PBXSourcesBuildPhase section */

/* Begin XCBuildConfiguration section */
		H10000000000000000000001 /* Debug */ = {
			isa = XCBuildConfiguration;
			buildSettings = {
				ALWAYS_SEARCH_USER_PATHS = NO;
				CLANG_ENABLE_MODULES = YES;
				CLANG_ENABLE_OBJC_ARC = YES;
				COPY_PHASE_STRIP = NO;
				DEBUG_INFORMATION_FORMAT = dwarf;
				ENABLE_TESTABILITY = YES;
				GCC_DYNAMIC_NO_PIC = NO;
				GCC_OPTIMIZATION_LEVEL = 0;
				GCC_PREPROCESSOR_DEFINITIONS = (
					"DEBUG=1",
					"$(inherited)",
				);
				IPHONEOS_DEPLOYMENT_TARGET = 17.0;
				MTL_ENABLE_DEBUG_INFO = INCLUDE_SOURCE;
				ONLY_ACTIVE_ARCH = YES;
				SDKROOT = iphoneos;
				SWIFT_ACTIVE_COMPILATION_CONDITIONS = DEBUG;
				SWIFT_OPTIMIZATION_LEVEL = "-Onone";
			};
			name = Debug;
		};
		H10000000000000000000002 /* Release */ = {
			isa = XCBuildConfiguration;
			buildSettings = {
				ALWAYS_SEARCH_USER_PATHS = NO;
				CLANG_ENABLE_MODULES = YES;
				CLANG_ENABLE_OBJC_ARC = YES;
				COPY_PHASE_STRIP = NO;
				DEBUG_INFORMATION_FORMAT = "dwarf-with-dsym";
				IPHONEOS_DEPLOYMENT_TARGET = 17.0;
				SDKROOT = iphoneos;
				SWIFT_COMPILATION_MODE = wholemodule;
				VALIDATE_PRODUCT = YES;
			};
			name = Release;
		};
		H10000000000000000000003 /* Debug */ = {
			isa = XCBuildConfiguration;
			buildSettings = {
				ASSETCATALOG_COMPILER_APPICON_NAME = AppIcon;
				ASSETCATALOG_COMPILER_GLOBAL_ACCENT_COLOR_NAME = AccentColor;
				CODE_SIGN_STYLE = Automatic;
				CURRENT_PROJECT_VERSION = 1;
				DEVELOPMENT_TEAM = "";
				ENABLE_PREVIEWS = YES;
				GENERATE_INFOPLIST_FILE = YES;
				INFOPLIST_KEY_CFBundleDisplayName = ATLAS;
				INFOPLIST_KEY_UIApplicationSceneManifest_Generation = YES;
				INFOPLIST_KEY_UILaunchScreen_Generation = YES;
				INFOPLIST_KEY_UISupportedInterfaceOrientations = UIInterfaceOrientationPortrait;
				LD_RUNPATH_SEARCH_PATHS = (
					"$(inherited)",
					"@executable_path/Frameworks",
				);
				MARKETING_VERSION = 1.0;
				PRODUCT_BUNDLE_IDENTIFIER = com.kalici.atlas;
				PRODUCT_NAME = "$(TARGET_NAME)";
				SWIFT_EMIT_LOC_STRINGS = YES;
				SWIFT_VERSION = 5.0;
				TARGETED_DEVICE_FAMILY = "1,2";
			};
			name = Debug;
		};
		H10000000000000000000004 /* Release */ = {
			isa = XCBuildConfiguration;
			buildSettings = {
				ASSETCATALOG_COMPILER_APPICON_NAME = AppIcon;
				ASSETCATALOG_COMPILER_GLOBAL_ACCENT_COLOR_NAME = AccentColor;
				CODE_SIGN_STYLE = Automatic;
				CURRENT_PROJECT_VERSION = 1;
				DEVELOPMENT_TEAM = "";
				ENABLE_PREVIEWS = YES;
				GENERATE_INFOPLIST_FILE = YES;
				INFOPLIST_KEY_CFBundleDisplayName = ATLAS;
				INFOPLIST_KEY_UIApplicationSceneManifest_Generation = YES;
				INFOPLIST_KEY_UILaunchScreen_Generation = YES;
				INFOPLIST_KEY_UISupportedInterfaceOrientations = UIInterfaceOrientationPortrait;
				LD_RUNPATH_SEARCH_PATHS = (
					"$(inherited)",
					"@executable_path/Frameworks",
				);
				MARKETING_VERSION = 1.0;
				PRODUCT_BUNDLE_IDENTIFIER = com.kalici.atlas;
				PRODUCT_NAME = "$(TARGET_NAME)";
				SWIFT_EMIT_LOC_STRINGS = YES;
				SWIFT_VERSION = 5.0;
				TARGETED_DEVICE_FAMILY = "1,2";
			};
			name = Release;
		};
/* End XCBuildConfiguration section */

/* Begin XCConfigurationList section */
		G10000000000000000000002 /* Build configuration list for PBXProject "ATLAS" */ = {
			isa = XCConfigurationList;
			buildConfigurations = (
				H10000000000000000000001 /* Debug */,
				H10000000000000000000002 /* Release */,
			);
			defaultConfigurationIsVisible = 0;
			defaultConfigurationName = Release;
		};
		F10000000000000000000003 /* Build configuration list for PBXNativeTarget "ATLAS" */ = {
			isa = XCConfigurationList;
			buildConfigurations = (
				H10000000000000000000003 /* Debug */,
				H10000000000000000000004 /* Release */,
			);
			defaultConfigurationIsVisible = 0;
			defaultConfigurationName = Release;
		};
/* End XCConfigurationList section */
	};
	rootObject = G10000000000000000000001 /* Project object */;
}
